
Microsoft Visual Studio Solution File, Format Version 12.00
# Visual Studio Version 16
VisualStudioVersion = 16.0.32630.194
MinimumVisualStudioVersion = 10.0.40219.1
Project("{FAE04EC0-301F-11D3-BF4B-00C04F79EFBC}") = "Pattern - Decorator", "Pattern - Decorator\Pattern - Decorator.csproj", "{7F3D832A-3590-4836-933C-6A48ABDC6EAC}"
EndProject
Global
	GlobalSection(SolutionConfigurationPlatforms) = preSolution
		Debug|Any CPU = Debug|Any CPU
		Release|Any CPU = Release|Any CPU
	EndGlobalSection
	GlobalSection(ProjectConfigurationPlatforms) = postSolution
		{7F3D832A-3590-4836-933C-6A48ABDC6EAC}.Debug|Any CPU.ActiveCfg = Debug|Any CPU
		{7F3D832A-3590-4836-933C-6A48ABDC6EAC}.Debug|Any CPU.Build.0 = Debug|Any CPU
		{7F3D832A-3590-4836-933C-6A48ABDC6EAC}.Release|Any CPU.ActiveCfg = Release|Any CPU
		{7F3D832A-3590-4836-933C-6A48ABDC6EAC}.Release|Any CPU.Build.0 = Release|Any CPU
	EndGlobalSection
	GlobalSection(SolutionProperties) = preSolution
		HideSolutionNode = FALSE
	EndGlobalSection
	GlobalSection(ExtensibilityGlobals) = postSolution
		SolutionGuid = {5E52A675-7FD7-40D6-BBE2-C4BEC325946B}
	EndGlobalSection
EndGlobal
